[[package]]
name = "asciinema"
version = "2.0.2"
description = "Terminal session recorder"
category = "dev"
optional = false
python-versions = "*"

[[package]]
name = "windows-curses"
version = "2.2.0"
description = "Support for the standard curses module on Windows"
category = "main"
optional = false
python-versions = "*"

[metadata]
lock-version = "1.1"
python-versions = "3.7.*"
content-hash = "90ba2c4bbf55bd7141156515c3debaf7b9b6b6aa63027dd5760bbacb1e46da35"

[metadata.files]
asciinema = [
    {file = "asciinema-2.0.2.tar.gz", hash = "sha256:32f2c1a046564e030708e596f67e0405425d1eca9d5ec83cd917ef8da06bc423"},
]
windows-curses = [
    {file = "windows_curses-2.2.0-cp36-cp36m-win32.whl", hash = "sha256:1452d771ec6f9b3fef037da2b169196a9a12be4e86a6c27dd579adac70c42028"},
    {file = "windows_curses-2.2.0-cp36-cp36m-win_amd64.whl", hash = "sha256:fc0be372fe6da3c39d7093154ce029115a927bf287f34b4c615e2b3f8c23dfaa"},
    {file = "windows_curses-2.2.0-cp37-cp37m-win32.whl", hash = "sha256:267544e4f60c09af6505e50a69d7f01d7f8a281cf4bd4fc7efc3b32b9a4ef64e"},
    {file = "windows_curses-2.2.0-cp37-cp37m-win_amd64.whl", hash = "sha256:c5cd032bc7d0f03224ab55c925059d98e81795098d59bbd10f7d05c7ea9677ce"},
    {file = "windows_curses-2.2.0-cp38-cp38-win32.whl", hash = "sha256:84336fe470fa07288daec5c684dec74c0766fec6b3511ccedb4c494804acfbb7"},
    {file = "windows_curses-2.2.0-cp38-cp38-win_amd64.whl", hash = "sha256:c4a8ce00e82635f06648cc40d99f470be4e3ffeb84f9f7ae9d6a4f68ec6361e7"},
    {file = "windows_curses-2.2.0-cp39-cp39-win32.whl", hash = "sha256:9aa6ff60be76f5de696dc6dbf7897e3b1e6abcf4c0f741e9a0ee22cd6ef382f8"},
    {file = "windows_curses-2.2.0-cp39-cp39-win_amd64.whl", hash = "sha256:389228a3df556102e72450f599283094168aa82eee189f501ad9f131a0fc92e1"},
]
